
Microsoft Visual Studio Solution File, Format Version 10.00
# Visual C++ Express 2008
Project("{8BC9CEB8-8B4A-11D0-8D11-00A0C91BC942}") = "Windows_RMAExpress", "Windows_RMAExpress.vcproj", "{4F4B2F2B-C9B8-4477-AC89-128859021B68}"
EndProject
Global
	GlobalSection(SolutionConfigurationPlatforms) = preSolution
		Debug|Win32 = Debug|Win32
		Release|Win32 = Release|Win32
	EndGlobalSection
	GlobalSection(ProjectConfigurationPlatforms) = postSolution
		{4F4B2F2B-C9B8-4477-AC89-128859021B68}.Debug|Win32.ActiveCfg = Release|Win32
		{4F4B2F2B-C9B8-4477-AC89-128859021B68}.Debug|Win32.Build.0 = Release|Win32
		{4F4B2F2B-C9B8-4477-AC89-128859021B68}.Release|Win32.ActiveCfg = Release|Win32
		{4F4B2F2B-C9B8-4477-AC89-128859021B68}.Release|Win32.Build.0 = Release|Win32
	EndGlobalSection
	GlobalSection(SolutionProperties) = preSolution
		HideSolutionNode = FALSE
	EndGlobalSection
EndGlobal
