<?xml version="1.0" encoding="utf-8"?>
<Project ToolsVersion="4.0" xmlns="http://schemas.microsoft.com/developer/msbuild/2003">
  <ItemGroup>
    <Filter Include="Header Files">
      <UniqueIdentifier>{93995380-89BD-4b04-88EB-625FBE52EBFB}</UniqueIdentifier>
      <Extensions>h;hpp;hxx;hm;inl;inc;xsd</Extensions>
    </Filter>
    <Filter Include="Resource Files">
      <UniqueIdentifier>{67DA6AB6-F800-4c08-8B7A-83BB121AAD01}</UniqueIdentifier>
      <Extensions>rc;ico;cur;bmp;dlg;rc2;rct;bin;rgs;gif;jpg;jpeg;jpe;resx</Extensions>
    </Filter>
    <Filter Include="Source Files">
      <UniqueIdentifier>{4FC737F1-C7A5-4376-A066-2A32D752A2FF}</UniqueIdentifier>
      <Extensions>cpp;c;cc;cxx;def;odl;idl;hpj;bat;asm;asmx</Extensions>
    </Filter>
  </ItemGroup>
  <ItemGroup>
    <ClInclude Include="..\Storage\BufferedMatrix.h">
      <Filter>Header Files</Filter>
    </ClInclude>
    <ClInclude Include="..\CDFLocMapTree.h">
      <Filter>Header Files</Filter>
    </ClInclude>
    <ClInclude Include="..\DataGroup.h">
      <Filter>Header Files</Filter>
    </ClInclude>
    <ClInclude Include="..\expressionGroup.h">
      <Filter>Header Files</Filter>
    </ClInclude>
    <ClInclude Include="..\Parsing\fread_functions.h">
      <Filter>Header Files</Filter>
    </ClInclude>
    <ClInclude Include="..\Storage\Matrix.h">
      <Filter>Header Files</Filter>
    </ClInclude>
    <ClInclude Include="..\Preprocess\matrix_functions.h">
      <Filter>Header Files</Filter>
    </ClInclude>
    <ClInclude Include="..\Preprocess\medianpolish.h">
      <Filter>Header Files</Filter>
    </ClInclude>
    <ClInclude Include="..\PMProbeBatch.h">
      <Filter>Header Files</Filter>
    </ClInclude>
    <ClInclude Include="..\Preprocess\pnorm.h">
      <Filter>Header Files</Filter>
    </ClInclude>
    <ClInclude Include="..\PreferencesDialog.h">
      <Filter>Header Files</Filter>
    </ClInclude>
    <ClInclude Include="..\Preprocess\psi_fns.h">
      <Filter>Header Files</Filter>
    </ClInclude>
    <ClInclude Include="..\QCStatsVisualize.h">
      <Filter>Header Files</Filter>
    </ClInclude>
    <ClInclude Include="..\Preprocess\qnorm.h">
      <Filter>Header Files</Filter>
    </ClInclude>
    <ClInclude Include="..\Parsing\read_cdf_xda.h">
      <Filter>Header Files</Filter>
    </ClInclude>
    <ClInclude Include="..\Parsing\read_cel_structures.h">
      <Filter>Header Files</Filter>
    </ClInclude>
    <ClInclude Include="..\Parsing\read_celfile_generic.h">
      <Filter>Header Files</Filter>
    </ClInclude>
    <ClInclude Include="..\Parsing\read_celfile_text.h">
      <Filter>Header Files</Filter>
    </ClInclude>
    <ClInclude Include="..\Parsing\read_celfile_xda.h">
      <Filter>Header Files</Filter>
    </ClInclude>
    <ClInclude Include="..\Parsing\read_generic.h">
      <Filter>Header Files</Filter>
    </ClInclude>
    <ClInclude Include="..\Parsing\read_rme_cdf.h">
      <Filter>Header Files</Filter>
    </ClInclude>
    <ClInclude Include="..\ResidualsDataGroup.h">
      <Filter>Header Files</Filter>
    </ClInclude>
    <ClInclude Include="..\ResidualsImagesDrawing.h">
      <Filter>Header Files</Filter>
    </ClInclude>
    <ClInclude Include="..\Preprocess\rlm_anova.h">
      <Filter>Header Files</Filter>
    </ClInclude>
    <ClInclude Include="..\Preprocess\rma_background3.h">
      <Filter>Header Files</Filter>
    </ClInclude>
    <ClInclude Include="..\rma_common.h">
      <Filter>Header Files</Filter>
    </ClInclude>
    <ClInclude Include="..\Parsing\stdint.h">
      <Filter>Header Files</Filter>
    </ClInclude>
    <ClInclude Include="..\threestep_common.h">
      <Filter>Header Files</Filter>
    </ClInclude>
    <ClInclude Include="..\version_number.h">
      <Filter>Header Files</Filter>
    </ClInclude>
    <ClInclude Include="..\Preprocess\weightedkerneldensity.h">
      <Filter>Header Files</Filter>
    </ClInclude>
  </ItemGroup>
  <ItemGroup>
    <ClCompile Include="..\Storage\BufferedMatrix.cpp">
      <Filter>Source Files</Filter>
    </ClCompile>
    <ClCompile Include="..\CDFLocMapTree.cpp">
      <Filter>Source Files</Filter>
    </ClCompile>
    <ClCompile Include="..\DataGroup.cpp">
      <Filter>Source Files</Filter>
    </ClCompile>
    <ClCompile Include="..\expressionGroup.cpp">
      <Filter>Source Files</Filter>
    </ClCompile>
    <ClCompile Include="..\Parsing\fread_functions.c">
      <Filter>Source Files</Filter>
    </ClCompile>
    <ClCompile Include="..\Preprocess\linpack\linpack.c">
      <Filter>Source Files</Filter>
    </ClCompile>
    <ClCompile Include="..\Storage\Matrix.cpp">
      <Filter>Source Files</Filter>
    </ClCompile>
    <ClCompile Include="..\Preprocess\matrix_functions.c">
      <Filter>Source Files</Filter>
    </ClCompile>
    <ClCompile Include="..\Preprocess\medianpolish.c">
      <Filter>Source Files</Filter>
    </ClCompile>
    <ClCompile Include="..\PMProbeBatch.cpp">
      <Filter>Source Files</Filter>
    </ClCompile>
    <ClCompile Include="..\Preprocess\pnorm.c">
      <Filter>Source Files</Filter>
    </ClCompile>
    <ClCompile Include="..\PreferencesDialog.cpp">
      <Filter>Source Files</Filter>
    </ClCompile>
    <ClCompile Include="..\Preprocess\psi_fns.c">
      <Filter>Source Files</Filter>
    </ClCompile>
    <ClCompile Include="..\QCStatsVisualize.cpp">
      <Filter>Source Files</Filter>
    </ClCompile>
    <ClCompile Include="..\Preprocess\qnorm.c">
      <Filter>Source Files</Filter>
    </ClCompile>
    <ClCompile Include="..\Parsing\read_cdf_xda.c">
      <Filter>Source Files</Filter>
    </ClCompile>
    <ClCompile Include="..\Parsing\read_celfile_generic.c">
      <Filter>Source Files</Filter>
    </ClCompile>
    <ClCompile Include="..\Parsing\read_celfile_text.c">
      <Filter>Source Files</Filter>
    </ClCompile>
    <ClCompile Include="..\Parsing\read_celfile_xda.c">
      <Filter>Source Files</Filter>
    </ClCompile>
    <ClCompile Include="..\Parsing\read_generic.c">
      <Filter>Source Files</Filter>
    </ClCompile>
    <ClCompile Include="..\Parsing\read_rme_cdf.cpp">
      <Filter>Source Files</Filter>
    </ClCompile>
    <ClCompile Include="..\ResidualsDataGroup.cpp">
      <Filter>Source Files</Filter>
    </ClCompile>
    <ClCompile Include="..\ResidualsImagesDrawing.cpp">
      <Filter>Source Files</Filter>
    </ClCompile>
    <ClCompile Include="..\Preprocess\rlm_anova.c">
      <Filter>Source Files</Filter>
    </ClCompile>
    <ClCompile Include="..\Preprocess\rma_background3.c">
      <Filter>Source Files</Filter>
    </ClCompile>
    <ClCompile Include="..\rma_common.c">
      <Filter>Source Files</Filter>
    </ClCompile>
    <ClCompile Include="..\RMAExpressConsole.cpp">
      <Filter>Source Files</Filter>
    </ClCompile>
    <ClCompile Include="..\threestep_common.c">
      <Filter>Source Files</Filter>
    </ClCompile>
    <ClCompile Include="..\Preprocess\weightedkerneldensity.c">
      <Filter>Source Files</Filter>
    </ClCompile>
  </ItemGroup>
</Project>